
Microsoft Visual Studio Solution File, Format Version 12.00
# Visual Studio Version 17
VisualStudioVersion = 17.7.34221.43
MinimumVisualStudioVersion = 10.0.40219.1
Project("{FAE04EC0-301F-11D3-BF4B-00C04F79EFBC}") = "TicTacToeNxN", "TicTacToeNxN\TicTacToeNxN.csproj", "{ECBF3D20-CB5A-42D7-957A-9C170216CEA9}"
EndProject
Global
	GlobalSection(SolutionConfigurationPlatforms) = preSolution
		Debug|Any CPU = Debug|Any CPU
		Release|Any CPU = Release|Any CPU
	EndGlobalSection
	GlobalSection(ProjectConfigurationPlatforms) = postSolution
		{ECBF3D20-CB5A-42D7-957A-9C170216CEA9}.Debug|Any CPU.ActiveCfg = Debug|Any CPU
		{ECBF3D20-CB5A-42D7-957A-9C170216CEA9}.Debug|Any CPU.Build.0 = Debug|Any CPU
		{ECBF3D20-CB5A-42D7-957A-9C170216CEA9}.Release|Any CPU.ActiveCfg = Release|Any CPU
		{ECBF3D20-CB5A-42D7-957A-9C170216CEA9}.Release|Any CPU.Build.0 = Release|Any CPU
	EndGlobalSection
	GlobalSection(SolutionProperties) = preSolution
		HideSolutionNode = FALSE
	EndGlobalSection
	GlobalSection(ExtensibilityGlobals) = postSolution
		SolutionGuid = {429D9921-8614-40B1-A312-D4AFEEC235A9}
	EndGlobalSection
EndGlobal
